# This file is automatically @generated by Cargo.
# It is not intended for manual editing.
version = 3

[[package]]
name = "coli"
version = "0.1.0"
dependencies = [
 "colibri-backend",
 "colibri-cluster",
 "colibri-core",
 "colibri-engine",
 "colibri-json",
 "colibri-safetensors",
 "colibri-tokenizer",
]

[[package]]
name = "colibri-backend"
version = "0.1.0"
dependencies = [
 "colibri-core",
]

[[package]]
name = "colibri-cluster"
version = "0.1.0"
dependencies = [
 "colibri-core",
]

[[package]]
name = "colibri-core"
version = "0.1.0"
dependencies = [
 "colibri-json",
]

[[package]]
name = "colibri-engine"
version = "0.1.0"
dependencies = [
 "colibri-backend",
 "colibri-cluster",
 "colibri-core",
 "colibri-grammar",
 "colibri-json",
 "colibri-kernels",
 "colibri-safetensors",
 "colibri-tokenizer",
]

[[package]]
name = "colibri-grammar"
version = "0.1.0"
dependencies = [
 "colibri-json",
]

[[package]]
name = "colibri-json"
version = "0.1.0"

[[package]]
name = "colibri-kernels"
version = "0.1.0"
dependencies = [
 "colibri-core",
]

[[package]]
name = "colibri-safetensors"
version = "0.1.0"
dependencies = [
 "colibri-core",
 "colibri-json",
]

[[package]]
name = "colibri-tokenizer"
version = "0.1.0"
dependencies = [
 "colibri-json",
]
